
Microsoft Visual Studio Solution File, Format Version 12.00
# Visual Studio Version 16
VisualStudioVersion = 16.0.32228.343
MinimumVisualStudioVersion = 10.0.40219.1
Project("{FAE04EC0-301F-11D3-BF4B-00C04F79EFBC}") = "CopyGroupPlugin", "CopyGroupPlugin\CopyGroupPlugin.csproj", "{97B2C209-46C0-499F-9F1C-4A77739A8874}"
EndProject
Global
	GlobalSection(SolutionConfigurationPlatforms) = preSolution
		Debug|Any CPU = Debug|Any CPU
		Release|Any CPU = Release|Any CPU
	EndGlobalSection
	GlobalSection(ProjectConfigurationPlatforms) = postSolution
		{97B2C209-46C0-499F-9F1C-4A77739A8874}.Debug|Any CPU.ActiveCfg = Debug|Any CPU
		{97B2C209-46C0-499F-9F1C-4A77739A8874}.Debug|Any CPU.Build.0 = Debug|Any CPU
		{97B2C209-46C0-499F-9F1C-4A77739A8874}.Release|Any CPU.ActiveCfg = Release|Any CPU
		{97B2C209-46C0-499F-9F1C-4A77739A8874}.Release|Any CPU.Build.0 = Release|Any CPU
	EndGlobalSection
	GlobalSection(SolutionProperties) = preSolution
		HideSolutionNode = FALSE
	EndGlobalSection
	GlobalSection(ExtensibilityGlobals) = postSolution
		SolutionGuid = {99F55A01-29D6-439A-A047-A41DD7EDA0B7}
	EndGlobalSection
EndGlobal
